{
  "name": "stremio-imdb-omdb-other",
  "version": "3.0.0",
  "lockfileVersion": 2,
  "requires": true,
  "packages": {
    "": {
      "dependencies": {
        "stremio-addon-sdk": "^1.6.10",
        "node-fetch": "^2.6.7"
      }
    },
    "node_modules/node-fetch": {
      "version": "2.6.7"
    },
    "node_modules/stremio-addon-sdk": {
      "version": "1.6.10"
    }
  }
}
